
Microsoft Visual Studio Solution File, Format Version 12.00
# Visual Studio 15
VisualStudioVersion = 15.0.28307.489
MinimumVisualStudioVersion = 10.0.40219.1
Project("{FAE04EC0-301F-11D3-BF4B-00C04F79EFBC}") = "Nickprovs.Albatross.Android", "Nickprovs.Albatross\Nickprovs.Albatross.Android\Nickprovs.Albatross.Android.csproj", "{85209B56-4659-408C-A4B5-35C7CFE7D8F2}"
EndProject
Project("{FAE04EC0-301F-11D3-BF4B-00C04F79EFBC}") = "Nickprovs.Albatross.iOS", "Nickprovs.Albatross\Nickprovs.Albatross.iOS\Nickprovs.Albatross.iOS.csproj", "{E2AA22B3-8CC1-49EF-A2F6-192D694410D8}"
EndProject
Project("{FAE04EC0-301F-11D3-BF4B-00C04F79EFBC}") = "Nickprovs.Albatross", "Nickprovs.Albatross\Nickprovs.Albatross\Nickprovs.Albatross.csproj", "{431A9983-9C22-42F9-BD9C-D1314654CC17}"
EndProject
Global
	GlobalSection(SolutionConfigurationPlatforms) = preSolution
		Ad-Hoc|Any CPU = Ad-Hoc|Any CPU
		Ad-Hoc|iPhone = Ad-Hoc|iPhone
		Ad-Hoc|iPhoneSimulator = Ad-Hoc|iPhoneSimulator
		AppStore|Any CPU = AppStore|Any CPU
		AppStore|iPhone = AppStore|iPhone
		AppStore|iPhoneSimulator = AppStore|iPhoneSimulator
		Debug|Any CPU = Debug|Any CPU
		Debug|iPhone = Debug|iPhone
		Debug|iPhoneSimulator = Debug|iPhoneSimulator
		Release|Any CPU = Release|Any CPU
		Release|iPhone = Release|iPhone
		Release|iPhoneSimulator = Release|iPhoneSimulator
	EndGlobalSection
	GlobalSection(ProjectConfigurationPlatforms) = postSolution
		{85209B56-4659-408C-A4B5-35C7CFE7D8F2}.Ad-Hoc|Any CPU.ActiveCfg = Release|Any CPU
		{85209B56-4659-408C-A4B5-35C7CFE7D8F2}.Ad-Hoc|Any CPU.Build.0 = Release|Any CPU
		{85209B56-4659-408C-A4B5-35C7CFE7D8F2}.Ad-Hoc|Any CPU.Deploy.0 = Release|Any CPU
		{85209B56-4659-408C-A4B5-35C7CFE7D8F2}.Ad-Hoc|iPhone.ActiveCfg = Release|Any CPU
		{85209B56-4659-408C-A4B5-35C7CFE7D8F2}.Ad-Hoc|iPhone.Build.0 = Release|Any CPU
		{85209B56-4659-408C-A4B5-35C7CFE7D8F2}.Ad-Hoc|iPhone.Deploy.0 = Release|Any CPU
		{85209B56-4659-408C-A4B5-35C7CFE7D8F2}.Ad-Hoc|iPhoneSimulator.ActiveCfg = Release|Any CPU
		{85209B56-4659-408C-A4B5-35C7CFE7D8F2}.Ad-Hoc|iPhoneSimulator.Build.0 = Release|Any CPU
		{85209B56-4659-408C-A4B5-35C7CFE7D8F2}.Ad-Hoc|iPhoneSimulator.Deploy.0 = Release|Any CPU
		{85209B56-4659-408C-A4B5-35C7CFE7D8F2}.AppStore|Any CPU.ActiveCfg = Release|Any CPU
		{85209B56-4659-408C-A4B5-35C7CFE7D8F2}.AppStore|Any CPU.Build.0 = Release|Any CPU
		{85209B56-4659-408C-A4B5-35C7CFE7D8F2}.AppStore|Any CPU.Deploy.0 = Release|Any CPU
		{85209B56-4659-408C-A4B5-35C7CFE7D8F2}.AppStore|iPhone.ActiveCfg = Release|Any CPU
		{85209B56-4659-408C-A4B5-35C7CFE7D8F2}.AppStore|iPhone.Build.0 = Release|Any CPU
		{85209B56-4659-408C-A4B5-35C7CFE7D8F2}.AppStore|iPhone.Deploy.0 = Release|Any CPU
		{85209B56-4659-408C-A4B5-35C7CFE7D8F2}.AppStore|iPhoneSimulator.ActiveCfg = Release|Any CPU
		{85209B56-4659-408C-A4B5-35C7CFE7D8F2}.AppStore|iPhoneSimulator.Build.0 = Release|Any CPU
		{85209B56-4659-408C-A4B5-35C7CFE7D8F2}.AppStore|iPhoneSimulator.Deploy.0 = Release|Any CPU
		{85209B56-4659-408C-A4B5-35C7CFE7D8F2}.Debug|Any CPU.ActiveCfg = Debug|Any CPU
		{85209B56-4659-408C-A4B5-35C7CFE7D8F2}.Debug|Any CPU.Build.0 = Debug|Any CPU
		{85209B56-4659-408C-A4B5-35C7CFE7D8F2}.Debug|Any CPU.Deploy.0 = Debug|Any CPU
		{85209B56-4659-408C-A4B5-35C7CFE7D8F2}.Debug|iPhone.ActiveCfg = Debug|Any CPU
		{85209B56-4659-408C-A4B5-35C7CFE7D8F2}.Debug|iPhone.Build.0 = Debug|Any CPU
		{85209B56-4659-408C-A4B5-35C7CFE7D8F2}.Debug|iPhone.Deploy.0 = Debug|Any CPU
		{85209B56-4659-408C-A4B5-35C7CFE7D8F2}.Debug|iPhoneSimulator.ActiveCfg = Debug|Any CPU
		{85209B56-4659-408C-A4B5-35C7CFE7D8F2}.Debug|iPhoneSimulator.Build.0 = Debug|Any CPU
		{85209B56-4659-408C-A4B5-35C7CFE7D8F2}.Debug|iPhoneSimulator.Deploy.0 = Debug|Any CPU
		{85209B56-4659-408C-A4B5-35C7CFE7D8F2}.Release|Any CPU.ActiveCfg = Release|Any CPU
		{85209B56-4659-408C-A4B5-35C7CFE7D8F2}.Release|Any CPU.Build.0 = Release|Any CPU
		{85209B56-4659-408C-A4B5-35C7CFE7D8F2}.Release|Any CPU.Deploy.0 = Release|Any CPU
		{85209B56-4659-408C-A4B5-35C7CFE7D8F2}.Release|iPhone.ActiveCfg = Release|Any CPU
		{85209B56-4659-408C-A4B5-35C7CFE7D8F2}.Release|iPhone.Build.0 = Release|Any CPU
		{85209B56-4659-408C-A4B5-35C7CFE7D8F2}.Release|iPhone.Deploy.0 = Release|Any CPU
		{85209B56-4659-408C-A4B5-35C7CFE7D8F2}.Release|iPhoneSimulator.ActiveCfg = Release|Any CPU
		{85209B56-4659-408C-A4B5-35C7CFE7D8F2}.Release|iPhoneSimulator.Build.0 = Release|Any CPU
		{85209B56-4659-408C-A4B5-35C7CFE7D8F2}.Release|iPhoneSimulator.Deploy.0 = Release|Any CPU
		{E2AA22B3-8CC1-49EF-A2F6-192D694410D8}.Ad-Hoc|Any CPU.ActiveCfg = Ad-Hoc|iPhone
		{E2AA22B3-8CC1-49EF-A2F6-192D694410D8}.Ad-Hoc|Any CPU.Build.0 = Ad-Hoc|iPhone
		{E2AA22B3-8CC1-49EF-A2F6-192D694410D8}.Ad-Hoc|Any CPU.Deploy.0 = Ad-Hoc|iPhone
		{E2AA22B3-8CC1-49EF-A2F6-192D694410D8}.Ad-Hoc|iPhone.ActiveCfg = Ad-Hoc|iPhone
		{E2AA22B3-8CC1-49EF-A2F6-192D694410D8}.Ad-Hoc|iPhone.Build.0 = Ad-Hoc|iPhone
		{E2AA22B3-8CC1-49EF-A2F6-192D694410D8}.Ad-Hoc|iPhone.Deploy.0 = Ad-Hoc|iPhone
		{E2AA22B3-8CC1-49EF-A2F6-192D694410D8}.Ad-Hoc|iPhoneSimulator.ActiveCfg = Ad-Hoc|iPhoneSimulator
		{E2AA22B3-8CC1-49EF-A2F6-192D694410D8}.Ad-Hoc|iPhoneSimulator.Build.0 = Ad-Hoc|iPhoneSimulator
		{E2AA22B3-8CC1-49EF-A2F6-192D694410D8}.Ad-Hoc|iPhoneSimulator.Deploy.0 = Ad-Hoc|iPhoneSimulator
		{E2AA22B3-8CC1-49EF-A2F6-192D694410D8}.AppStore|Any CPU.ActiveCfg = AppStore|iPhone
		{E2AA22B3-8CC1-49EF-A2F6-192D694410D8}.AppStore|Any CPU.Build.0 = AppStore|iPhone
		{E2AA22B3-8CC1-49EF-A2F6-192D694410D8}.AppStore|Any CPU.Deploy.0 = AppStore|iPhone
		{E2AA22B3-8CC1-49EF-A2F6-192D694410D8}.AppStore|iPhone.ActiveCfg = AppStore|iPhone
		{E2AA22B3-8CC1-49EF-A2F6-192D694410D8}.AppStore|iPhone.Build.0 = AppStore|iPhone
		{E2AA22B3-8CC1-49EF-A2F6-192D694410D8}.AppStore|iPhone.Deploy.0 = AppStore|iPhone
		{E2AA22B3-8CC1-49EF-A2F6-192D694410D8}.AppStore|iPhoneSimulator.ActiveCfg = AppStore|iPhoneSimulator
		{E2AA22B3-8CC1-49EF-A2F6-192D694410D8}.AppStore|iPhoneSimulator.Build.0 = AppStore|iPhoneSimulator
		{E2AA22B3-8CC1-49EF-A2F6-192D694410D8}.AppStore|iPhoneSimulator.Deploy.0 = AppStore|iPhoneSimulator
		{E2AA22B3-8CC1-49EF-A2F6-192D694410D8}.Debug|Any CPU.ActiveCfg = Debug|iPhoneSimulator
		{E2AA22B3-8CC1-49EF-A2F6-192D694410D8}.Debug|Any CPU.Build.0 = Debug|iPhoneSimulator
		{E2AA22B3-8CC1-49EF-A2F6-192D694410D8}.Debug|Any CPU.Deploy.0 = Debug|iPhoneSimulator
		{E2AA22B3-8CC1-49EF-A2F6-192D694410D8}.Debug|iPhone.ActiveCfg = Debug|iPhone
		{E2AA22B3-8CC1-49EF-A2F6-192D694410D8}.Debug|iPhone.Build.0 = Debug|iPhone
		{E2AA22B3-8CC1-49EF-A2F6-192D694410D8}.Debug|iPhone.Deploy.0 = Debug|iPhone
		{E2AA22B3-8CC1-49EF-A2F6-192D694410D8}.Debug|iPhoneSimulator.ActiveCfg = Debug|iPhoneSimulator
		{E2AA22B3-8CC1-49EF-A2F6-192D694410D8}.Debug|iPhoneSimulator.Build.0 = Debug|iPhoneSimulator
		{E2AA22B3-8CC1-49EF-A2F6-192D694410D8}.Debug|iPhoneSimulator.Deploy.0 = Debug|iPhoneSimulator
		{E2AA22B3-8CC1-49EF-A2F6-192D694410D8}.Release|Any CPU.ActiveCfg = Release|iPhone
		{E2AA22B3-8CC1-49EF-A2F6-192D694410D8}.Release|Any CPU.Build.0 = Release|iPhone
		{E2AA22B3-8CC1-49EF-A2F6-192D694410D8}.Release|Any CPU.Deploy.0 = Release|iPhone
		{E2AA22B3-8CC1-49EF-A2F6-192D694410D8}.Release|iPhone.ActiveCfg = Release|iPhone
		{E2AA22B3-8CC1-49EF-A2F6-192D694410D8}.Release|iPhone.Build.0 = Release|iPhone
		{E2AA22B3-8CC1-49EF-A2F6-192D694410D8}.Release|iPhone.Deploy.0 = Release|iPhone
		{E2AA22B3-8CC1-49EF-A2F6-192D694410D8}.Release|iPhoneSimulator.ActiveCfg = Release|iPhoneSimulator
		{E2AA22B3-8CC1-49EF-A2F6-192D694410D8}.Release|iPhoneSimulator.Build.0 = Release|iPhoneSimulator
		{E2AA22B3-8CC1-49EF-A2F6-192D694410D8}.Release|iPhoneSimulator.Deploy.0 = Release|iPhoneSimulator
		{431A9983-9C22-42F9-BD9C-D1314654CC17}.Ad-Hoc|Any CPU.ActiveCfg = Debug|Any CPU
		{431A9983-9C22-42F9-BD9C-D1314654CC17}.Ad-Hoc|Any CPU.Build.0 = Debug|Any CPU
		{431A9983-9C22-42F9-BD9C-D1314654CC17}.Ad-Hoc|Any CPU.Deploy.0 = Debug|Any CPU
		{431A9983-9C22-42F9-BD9C-D1314654CC17}.Ad-Hoc|iPhone.ActiveCfg = Debug|Any CPU
		{431A9983-9C22-42F9-BD9C-D1314654CC17}.Ad-Hoc|iPhone.Build.0 = Debug|Any CPU
		{431A9983-9C22-42F9-BD9C-D1314654CC17}.Ad-Hoc|iPhone.Deploy.0 = Debug|Any CPU
		{431A9983-9C22-42F9-BD9C-D1314654CC17}.Ad-Hoc|iPhoneSimulator.ActiveCfg = Debug|Any CPU
		{431A9983-9C22-42F9-BD9C-D1314654CC17}.Ad-Hoc|iPhoneSimulator.Build.0 = Debug|Any CPU
		{431A9983-9C22-42F9-BD9C-D1314654CC17}.Ad-Hoc|iPhoneSimulator.Deploy.0 = Debug|Any CPU
		{431A9983-9C22-42F9-BD9C-D1314654CC17}.AppStore|Any CPU.ActiveCfg = Debug|Any CPU
		{431A9983-9C22-42F9-BD9C-D1314654CC17}.AppStore|Any CPU.Build.0 = Debug|Any CPU
		{431A9983-9C22-42F9-BD9C-D1314654CC17}.AppStore|Any CPU.Deploy.0 = Debug|Any CPU
		{431A9983-9C22-42F9-BD9C-D1314654CC17}.AppStore|iPhone.ActiveCfg = Debug|Any CPU
		{431A9983-9C22-42F9-BD9C-D1314654CC17}.AppStore|iPhone.Build.0 = Debug|Any CPU
		{431A9983-9C22-42F9-BD9C-D1314654CC17}.AppStore|iPhone.Deploy.0 = Debug|Any CPU
		{431A9983-9C22-42F9-BD9C-D1314654CC17}.AppStore|iPhoneSimulator.ActiveCfg = Debug|Any CPU
		{431A9983-9C22-42F9-BD9C-D1314654CC17}.AppStore|iPhoneSimulator.Build.0 = Debug|Any CPU
		{431A9983-9C22-42F9-BD9C-D1314654CC17}.AppStore|iPhoneSimulator.Deploy.0 = Debug|Any CPU
		{431A9983-9C22-42F9-BD9C-D1314654CC17}.Debug|Any CPU.ActiveCfg = Debug|Any CPU
		{431A9983-9C22-42F9-BD9C-D1314654CC17}.Debug|Any CPU.Build.0 = Debug|Any CPU
		{431A9983-9C22-42F9-BD9C-D1314654CC17}.Debug|Any CPU.Deploy.0 = Debug|Any CPU
		{431A9983-9C22-42F9-BD9C-D1314654CC17}.Debug|iPhone.ActiveCfg = Debug|Any CPU
		{431A9983-9C22-42F9-BD9C-D1314654CC17}.Debug|iPhone.Build.0 = Debug|Any CPU
		{431A9983-9C22-42F9-BD9C-D1314654CC17}.Debug|iPhone.Deploy.0 = Debug|Any CPU
		{431A9983-9C22-42F9-BD9C-D1314654CC17}.Debug|iPhoneSimulator.ActiveCfg = Debug|Any CPU
		{431A9983-9C22-42F9-BD9C-D1314654CC17}.Debug|iPhoneSimulator.Build.0 = Debug|Any CPU
		{431A9983-9C22-42F9-BD9C-D1314654CC17}.Debug|iPhoneSimulator.Deploy.0 = Debug|Any CPU
		{431A9983-9C22-42F9-BD9C-D1314654CC17}.Release|Any CPU.ActiveCfg = Release|Any CPU
		{431A9983-9C22-42F9-BD9C-D1314654CC17}.Release|Any CPU.Build.0 = Release|Any CPU
		{431A9983-9C22-42F9-BD9C-D1314654CC17}.Release|Any CPU.Deploy.0 = Release|Any CPU
		{431A9983-9C22-42F9-BD9C-D1314654CC17}.Release|iPhone.ActiveCfg = Release|Any CPU
		{431A9983-9C22-42F9-BD9C-D1314654CC17}.Release|iPhone.Build.0 = Release|Any CPU
		{431A9983-9C22-42F9-BD9C-D1314654CC17}.Release|iPhone.Deploy.0 = Release|Any CPU
		{431A9983-9C22-42F9-BD9C-D1314654CC17}.Release|iPhoneSimulator.ActiveCfg = Release|Any CPU
		{431A9983-9C22-42F9-BD9C-D1314654CC17}.Release|iPhoneSimulator.Build.0 = Release|Any CPU
		{431A9983-9C22-42F9-BD9C-D1314654CC17}.Release|iPhoneSimulator.Deploy.0 = Release|Any CPU
	EndGlobalSection
	GlobalSection(SolutionProperties) = preSolution
		HideSolutionNode = FALSE
	EndGlobalSection
	GlobalSection(ExtensibilityGlobals) = postSolution
		SolutionGuid = {C23458AD-4472-4490-A4FD-4A81E2BE99EE}
	EndGlobalSection
EndGlobal
